
Microsoft Visual Studio Solution File, Format Version 12.00
# Visual Studio Version 16
VisualStudioVersion = 16.0.30517.126
MinimumVisualStudioVersion = 10.0.40219.1
Project("{FAE04EC0-301F-11D3-BF4B-00C04F79EFBC}") = "Project.DAL", "Project.DAL\Project.DAL.csproj", "{EDBC56A2-CC63-4AFA-A90E-F2D73E5E875F}"
EndProject
Project("{FAE04EC0-301F-11D3-BF4B-00C04F79EFBC}") = "Project.BLL", "Project.BLL\Project.BLL.csproj", "{DB1EE89C-1856-40A7-930D-6F7A9D815F12}"
EndProject
Project("{FAE04EC0-301F-11D3-BF4B-00C04F79EFBC}") = "Project.WinUI", "Project.WinUI\Project.WinUI.csproj", "{C4B99A80-8FF9-40A8-B3F5-CF7BABC87FF1}"
EndProject
Project("{FAE04EC0-301F-11D3-BF4B-00C04F79EFBC}") = "Project.ENTITIES", "Project.ENTITIES\Project.ENTITIES.csproj", "{F7683549-F8E8-475A-97AF-D69E6EC983B1}"
EndProject
Project("{FAE04EC0-301F-11D3-BF4B-00C04F79EFBC}") = "Project.MVC", "Project.MVC\Project.MVC.csproj", "{792B69E2-9E2C-4040-9F3B-95941CC86D4E}"
EndProject
Project("{FAE04EC0-301F-11D3-BF4B-00C04F79EFBC}") = "Project.LOG", "Project.LOG\Project.LOG.csproj", "{B7CC3886-EA86-456C-8F15-F535F58130EA}"
EndProject
Global
	GlobalSection(SolutionConfigurationPlatforms) = preSolution
		Debug|Any CPU = Debug|Any CPU
		Release|Any CPU = Release|Any CPU
	EndGlobalSection
	GlobalSection(ProjectConfigurationPlatforms) = postSolution
		{EDBC56A2-CC63-4AFA-A90E-F2D73E5E875F}.Debug|Any CPU.ActiveCfg = Debug|Any CPU
		{EDBC56A2-CC63-4AFA-A90E-F2D73E5E875F}.Debug|Any CPU.Build.0 = Debug|Any CPU
		{EDBC56A2-CC63-4AFA-A90E-F2D73E5E875F}.Release|Any CPU.ActiveCfg = Release|Any CPU
		{EDBC56A2-CC63-4AFA-A90E-F2D73E5E875F}.Release|Any CPU.Build.0 = Release|Any CPU
		{DB1EE89C-1856-40A7-930D-6F7A9D815F12}.Debug|Any CPU.ActiveCfg = Debug|Any CPU
		{DB1EE89C-1856-40A7-930D-6F7A9D815F12}.Debug|Any CPU.Build.0 = Debug|Any CPU
		{DB1EE89C-1856-40A7-930D-6F7A9D815F12}.Release|Any CPU.ActiveCfg = Release|Any CPU
		{DB1EE89C-1856-40A7-930D-6F7A9D815F12}.Release|Any CPU.Build.0 = Release|Any CPU
		{C4B99A80-8FF9-40A8-B3F5-CF7BABC87FF1}.Debug|Any CPU.ActiveCfg = Debug|Any CPU
		{C4B99A80-8FF9-40A8-B3F5-CF7BABC87FF1}.Debug|Any CPU.Build.0 = Debug|Any CPU
		{C4B99A80-8FF9-40A8-B3F5-CF7BABC87FF1}.Release|Any CPU.ActiveCfg = Release|Any CPU
		{C4B99A80-8FF9-40A8-B3F5-CF7BABC87FF1}.Release|Any CPU.Build.0 = Release|Any CPU
		{F7683549-F8E8-475A-97AF-D69E6EC983B1}.Debug|Any CPU.ActiveCfg = Debug|Any CPU
		{F7683549-F8E8-475A-97AF-D69E6EC983B1}.Debug|Any CPU.Build.0 = Debug|Any CPU
		{F7683549-F8E8-475A-97AF-D69E6EC983B1}.Release|Any CPU.ActiveCfg = Release|Any CPU
		{F7683549-F8E8-475A-97AF-D69E6EC983B1}.Release|Any CPU.Build.0 = Release|Any CPU
		{792B69E2-9E2C-4040-9F3B-95941CC86D4E}.Debug|Any CPU.ActiveCfg = Debug|Any CPU
		{792B69E2-9E2C-4040-9F3B-95941CC86D4E}.Debug|Any CPU.Build.0 = Debug|Any CPU
		{792B69E2-9E2C-4040-9F3B-95941CC86D4E}.Release|Any CPU.ActiveCfg = Release|Any CPU
		{792B69E2-9E2C-4040-9F3B-95941CC86D4E}.Release|Any CPU.Build.0 = Release|Any CPU
		{B7CC3886-EA86-456C-8F15-F535F58130EA}.Debug|Any CPU.ActiveCfg = Debug|Any CPU
		{B7CC3886-EA86-456C-8F15-F535F58130EA}.Debug|Any CPU.Build.0 = Debug|Any CPU
		{B7CC3886-EA86-456C-8F15-F535F58130EA}.Release|Any CPU.ActiveCfg = Release|Any CPU
		{B7CC3886-EA86-456C-8F15-F535F58130EA}.Release|Any CPU.Build.0 = Release|Any CPU
	EndGlobalSection
	GlobalSection(SolutionProperties) = preSolution
		HideSolutionNode = FALSE
	EndGlobalSection
	GlobalSection(ExtensibilityGlobals) = postSolution
		SolutionGuid = {79CB5977-3FCC-460E-95DF-8E4977823CDA}
	EndGlobalSection
EndGlobal
